
Microsoft Visual Studio Solution File, Format Version 12.00
# Visual Studio Version 16
VisualStudioVersion = 16.0.29306.81
MinimumVisualStudioVersion = 10.0.40219.1
Project("{2150E333-8FDC-42A3-9474-1A3956D46DE8}") = "Domain", "Domain", "{ACCFC738-C5B1-455D-B5FD-FBD1EEE8E5DD}"
EndProject
Project("{2150E333-8FDC-42A3-9474-1A3956D46DE8}") = "Infra.Bus", "Infra.Bus", "{81FD4DCB-1C91-41AB-BB46-A8DB62F3C099}"
EndProject
Project("{2150E333-8FDC-42A3-9474-1A3956D46DE8}") = "Infra.Ioc", "Infra.Ioc", "{CD1C14CC-774D-432D-BFC0-F0F238A707E8}"
EndProject
Project("{2150E333-8FDC-42A3-9474-1A3956D46DE8}") = "Microservices", "Microservices", "{6BCBAB63-CC58-4F5D-9403-53D5F1550A99}"
EndProject
Project("{2150E333-8FDC-42A3-9474-1A3956D46DE8}") = "Presentation", "Presentation", "{5785DB4D-502C-4E3A-9AE6-90C80C556F90}"
EndProject
Project("{9A19103F-16F7-4668-BE54-9A1E7A4F7556}") = "MicroRabbit.Domain.Core", "MicroRabbit.Domain.Core\MicroRabbit.Domain.Core.csproj", "{4D43FD2A-3199-480C-8F48-4D5519DE9AD7}"
EndProject
Project("{9A19103F-16F7-4668-BE54-9A1E7A4F7556}") = "MicroRabbit.Infra.Bus", "MicroRabbit.Infra.Bus\MicroRabbit.Infra.Bus.csproj", "{2DC586DC-9788-41AB-AB85-9137A7D0A3D7}"
EndProject
Project("{9A19103F-16F7-4668-BE54-9A1E7A4F7556}") = "MicorRabbit.Infra.IoC", "MicorRabbit.Infra.IoC\MicorRabbit.Infra.IoC.csproj", "{0D97F59F-2BEC-466F-8DEC-5317B89604FA}"
EndProject
Project("{2150E333-8FDC-42A3-9474-1A3956D46DE8}") = "Banking", "Banking", "{75C81963-1F03-41AA-9BA7-30D5A44167C0}"
EndProject
Project("{2150E333-8FDC-42A3-9474-1A3956D46DE8}") = "API", "API", "{20456020-558B-4405-9D68-59036D8540C5}"
EndProject
Project("{2150E333-8FDC-42A3-9474-1A3956D46DE8}") = "Application", "Application", "{8398E45D-CFA4-4CF0-B925-397BBC2DD334}"
EndProject
Project("{2150E333-8FDC-42A3-9474-1A3956D46DE8}") = "Domain", "Domain", "{7D28050B-C7C7-4836-AEB4-C3AA61C923FA}"
EndProject
Project("{2150E333-8FDC-42A3-9474-1A3956D46DE8}") = "Data", "Data", "{94DE8E3C-B100-49D5-8039-7ED1A708FF0B}"
EndProject
Project("{9A19103F-16F7-4668-BE54-9A1E7A4F7556}") = "MicroRabbit.Banking.Application", "MicroRabbit.Banking.Application\MicroRabbit.Banking.Application.csproj", "{E592DB1C-E7F6-4730-BED8-9E76986146A4}"
EndProject
Project("{9A19103F-16F7-4668-BE54-9A1E7A4F7556}") = "MicroRabbit.Banking.Data", "MicroRabbit.Banking.Data\MicroRabbit.Banking.Data.csproj", "{8C8483F7-3659-48E9-AED5-364CA163CC41}"
EndProject
Project("{9A19103F-16F7-4668-BE54-9A1E7A4F7556}") = "MicroRabbit.Banking.Domain", "MicroRabbit.Banking.Domain\MicroRabbit.Banking.Domain.csproj", "{59106EC4-3D87-422F-BED6-4BDE2AAFF140}"
EndProject
Project("{FAE04EC0-301F-11D3-BF4B-00C04F79EFBC}") = "MicroRabbit.Banking.API2", "MicroRabbit.Banking.API2\MicroRabbit.Banking.API2.csproj", "{7BAB9D89-7603-4C4A-A88C-5B4B153CB9BC}"
EndProject
Project("{2150E333-8FDC-42A3-9474-1A3956D46DE8}") = "Transfer", "Transfer", "{B6280C19-885D-4209-8CF9-6B68BBD79711}"
EndProject
Project("{2150E333-8FDC-42A3-9474-1A3956D46DE8}") = "API", "API", "{ADC12AAA-CB5D-4008-88DA-F744CE7CCF17}"
EndProject
Project("{2150E333-8FDC-42A3-9474-1A3956D46DE8}") = "Application", "Application", "{A2B5E606-FC37-4144-8D6B-0C0671B3BB1F}"
EndProject
Project("{2150E333-8FDC-42A3-9474-1A3956D46DE8}") = "Data", "Data", "{40F627F1-A14F-4C14-9D0F-CF4687D7BD4F}"
EndProject
Project("{2150E333-8FDC-42A3-9474-1A3956D46DE8}") = "Domain", "Domain", "{6665A1F1-8E59-473C-9134-5C36DFD6C446}"
EndProject
Project("{FAE04EC0-301F-11D3-BF4B-00C04F79EFBC}") = "MicroRabbit.Transfer.API", "MicroRabbit.Transfer.API\MicroRabbit.Transfer.API.csproj", "{4234EFE1-FAC8-4065-8C37-70D334ACDBDE}"
EndProject
Project("{FAE04EC0-301F-11D3-BF4B-00C04F79EFBC}") = "MicroRabbit.Transfer.Application", "MicroRabbit.Transfer.Application\MicroRabbit.Transfer.Application.csproj", "{0AE2EAED-6B15-4747-B3DC-AB3D95AFE751}"
EndProject
Project("{FAE04EC0-301F-11D3-BF4B-00C04F79EFBC}") = "MicroRabbit.Transfer.Data", "MicroRabbit.Transfer.Data\MicroRabbit.Transfer.Data.csproj", "{F9547EDD-82E9-426D-96D9-539591F85A51}"
EndProject
Project("{FAE04EC0-301F-11D3-BF4B-00C04F79EFBC}") = "MicroRabbit.Transfer.Domain", "MicroRabbit.Transfer.Domain\MicroRabbit.Transfer.Domain.csproj", "{8191B649-378A-455D-9B66-FBAA01190E21}"
EndProject
Global
	GlobalSection(SolutionConfigurationPlatforms) = preSolution
		Debug|Any CPU = Debug|Any CPU
		Release|Any CPU = Release|Any CPU
	EndGlobalSection
	GlobalSection(ProjectConfigurationPlatforms) = postSolution
		{4D43FD2A-3199-480C-8F48-4D5519DE9AD7}.Debug|Any CPU.ActiveCfg = Debug|Any CPU
		{4D43FD2A-3199-480C-8F48-4D5519DE9AD7}.Debug|Any CPU.Build.0 = Debug|Any CPU
		{4D43FD2A-3199-480C-8F48-4D5519DE9AD7}.Release|Any CPU.ActiveCfg = Release|Any CPU
		{4D43FD2A-3199-480C-8F48-4D5519DE9AD7}.Release|Any CPU.Build.0 = Release|Any CPU
		{2DC586DC-9788-41AB-AB85-9137A7D0A3D7}.Debug|Any CPU.ActiveCfg = Debug|Any CPU
		{2DC586DC-9788-41AB-AB85-9137A7D0A3D7}.Debug|Any CPU.Build.0 = Debug|Any CPU
		{2DC586DC-9788-41AB-AB85-9137A7D0A3D7}.Release|Any CPU.ActiveCfg = Release|Any CPU
		{2DC586DC-9788-41AB-AB85-9137A7D0A3D7}.Release|Any CPU.Build.0 = Release|Any CPU
		{0D97F59F-2BEC-466F-8DEC-5317B89604FA}.Debug|Any CPU.ActiveCfg = Debug|Any CPU
		{0D97F59F-2BEC-466F-8DEC-5317B89604FA}.Debug|Any CPU.Build.0 = Debug|Any CPU
		{0D97F59F-2BEC-466F-8DEC-5317B89604FA}.Release|Any CPU.ActiveCfg = Release|Any CPU
		{0D97F59F-2BEC-466F-8DEC-5317B89604FA}.Release|Any CPU.Build.0 = Release|Any CPU
		{E592DB1C-E7F6-4730-BED8-9E76986146A4}.Debug|Any CPU.ActiveCfg = Debug|Any CPU
		{E592DB1C-E7F6-4730-BED8-9E76986146A4}.Debug|Any CPU.Build.0 = Debug|Any CPU
		{E592DB1C-E7F6-4730-BED8-9E76986146A4}.Release|Any CPU.ActiveCfg = Release|Any CPU
		{E592DB1C-E7F6-4730-BED8-9E76986146A4}.Release|Any CPU.Build.0 = Release|Any CPU
		{8C8483F7-3659-48E9-AED5-364CA163CC41}.Debug|Any CPU.ActiveCfg = Debug|Any CPU
		{8C8483F7-3659-48E9-AED5-364CA163CC41}.Debug|Any CPU.Build.0 = Debug|Any CPU
		{8C8483F7-3659-48E9-AED5-364CA163CC41}.Release|Any CPU.ActiveCfg = Release|Any CPU
		{8C8483F7-3659-48E9-AED5-364CA163CC41}.Release|Any CPU.Build.0 = Release|Any CPU
		{59106EC4-3D87-422F-BED6-4BDE2AAFF140}.Debug|Any CPU.ActiveCfg = Debug|Any CPU
		{59106EC4-3D87-422F-BED6-4BDE2AAFF140}.Debug|Any CPU.Build.0 = Debug|Any CPU
		{59106EC4-3D87-422F-BED6-4BDE2AAFF140}.Release|Any CPU.ActiveCfg = Release|Any CPU
		{59106EC4-3D87-422F-BED6-4BDE2AAFF140}.Release|Any CPU.Build.0 = Release|Any CPU
		{7BAB9D89-7603-4C4A-A88C-5B4B153CB9BC}.Debug|Any CPU.ActiveCfg = Debug|Any CPU
		{7BAB9D89-7603-4C4A-A88C-5B4B153CB9BC}.Debug|Any CPU.Build.0 = Debug|Any CPU
		{7BAB9D89-7603-4C4A-A88C-5B4B153CB9BC}.Release|Any CPU.ActiveCfg = Release|Any CPU
		{7BAB9D89-7603-4C4A-A88C-5B4B153CB9BC}.Release|Any CPU.Build.0 = Release|Any CPU
		{4234EFE1-FAC8-4065-8C37-70D334ACDBDE}.Debug|Any CPU.ActiveCfg = Debug|Any CPU
		{4234EFE1-FAC8-4065-8C37-70D334ACDBDE}.Debug|Any CPU.Build.0 = Debug|Any CPU
		{4234EFE1-FAC8-4065-8C37-70D334ACDBDE}.Release|Any CPU.ActiveCfg = Release|Any CPU
		{4234EFE1-FAC8-4065-8C37-70D334ACDBDE}.Release|Any CPU.Build.0 = Release|Any CPU
		{0AE2EAED-6B15-4747-B3DC-AB3D95AFE751}.Debug|Any CPU.ActiveCfg = Debug|Any CPU
		{0AE2EAED-6B15-4747-B3DC-AB3D95AFE751}.Debug|Any CPU.Build.0 = Debug|Any CPU
		{0AE2EAED-6B15-4747-B3DC-AB3D95AFE751}.Release|Any CPU.ActiveCfg = Release|Any CPU
		{0AE2EAED-6B15-4747-B3DC-AB3D95AFE751}.Release|Any CPU.Build.0 = Release|Any CPU
		{F9547EDD-82E9-426D-96D9-539591F85A51}.Debug|Any CPU.ActiveCfg = Debug|Any CPU
		{F9547EDD-82E9-426D-96D9-539591F85A51}.Debug|Any CPU.Build.0 = Debug|Any CPU
		{F9547EDD-82E9-426D-96D9-539591F85A51}.Release|Any CPU.ActiveCfg = Release|Any CPU
		{F9547EDD-82E9-426D-96D9-539591F85A51}.Release|Any CPU.Build.0 = Release|Any CPU
		{8191B649-378A-455D-9B66-FBAA01190E21}.Debug|Any CPU.ActiveCfg = Debug|Any CPU
		{8191B649-378A-455D-9B66-FBAA01190E21}.Debug|Any CPU.Build.0 = Debug|Any CPU
		{8191B649-378A-455D-9B66-FBAA01190E21}.Release|Any CPU.ActiveCfg = Release|Any CPU
		{8191B649-378A-455D-9B66-FBAA01190E21}.Release|Any CPU.Build.0 = Release|Any CPU
	EndGlobalSection
	GlobalSection(SolutionProperties) = preSolution
		HideSolutionNode = FALSE
	EndGlobalSection
	GlobalSection(NestedProjects) = preSolution
		{4D43FD2A-3199-480C-8F48-4D5519DE9AD7} = {ACCFC738-C5B1-455D-B5FD-FBD1EEE8E5DD}
		{2DC586DC-9788-41AB-AB85-9137A7D0A3D7} = {81FD4DCB-1C91-41AB-BB46-A8DB62F3C099}
		{0D97F59F-2BEC-466F-8DEC-5317B89604FA} = {CD1C14CC-774D-432D-BFC0-F0F238A707E8}
		{75C81963-1F03-41AA-9BA7-30D5A44167C0} = {6BCBAB63-CC58-4F5D-9403-53D5F1550A99}
		{20456020-558B-4405-9D68-59036D8540C5} = {75C81963-1F03-41AA-9BA7-30D5A44167C0}
		{8398E45D-CFA4-4CF0-B925-397BBC2DD334} = {75C81963-1F03-41AA-9BA7-30D5A44167C0}
		{7D28050B-C7C7-4836-AEB4-C3AA61C923FA} = {75C81963-1F03-41AA-9BA7-30D5A44167C0}
		{94DE8E3C-B100-49D5-8039-7ED1A708FF0B} = {75C81963-1F03-41AA-9BA7-30D5A44167C0}
		{E592DB1C-E7F6-4730-BED8-9E76986146A4} = {8398E45D-CFA4-4CF0-B925-397BBC2DD334}
		{8C8483F7-3659-48E9-AED5-364CA163CC41} = {94DE8E3C-B100-49D5-8039-7ED1A708FF0B}
		{59106EC4-3D87-422F-BED6-4BDE2AAFF140} = {7D28050B-C7C7-4836-AEB4-C3AA61C923FA}
		{7BAB9D89-7603-4C4A-A88C-5B4B153CB9BC} = {20456020-558B-4405-9D68-59036D8540C5}
		{B6280C19-885D-4209-8CF9-6B68BBD79711} = {6BCBAB63-CC58-4F5D-9403-53D5F1550A99}
		{ADC12AAA-CB5D-4008-88DA-F744CE7CCF17} = {B6280C19-885D-4209-8CF9-6B68BBD79711}
		{A2B5E606-FC37-4144-8D6B-0C0671B3BB1F} = {B6280C19-885D-4209-8CF9-6B68BBD79711}
		{40F627F1-A14F-4C14-9D0F-CF4687D7BD4F} = {B6280C19-885D-4209-8CF9-6B68BBD79711}
		{6665A1F1-8E59-473C-9134-5C36DFD6C446} = {B6280C19-885D-4209-8CF9-6B68BBD79711}
		{4234EFE1-FAC8-4065-8C37-70D334ACDBDE} = {ADC12AAA-CB5D-4008-88DA-F744CE7CCF17}
		{0AE2EAED-6B15-4747-B3DC-AB3D95AFE751} = {A2B5E606-FC37-4144-8D6B-0C0671B3BB1F}
		{F9547EDD-82E9-426D-96D9-539591F85A51} = {40F627F1-A14F-4C14-9D0F-CF4687D7BD4F}
		{8191B649-378A-455D-9B66-FBAA01190E21} = {6665A1F1-8E59-473C-9134-5C36DFD6C446}
	EndGlobalSection
	GlobalSection(ExtensibilityGlobals) = postSolution
		SolutionGuid = {FED00C0E-BA70-4CBD-B924-90479F152BA0}
	EndGlobalSection
EndGlobal
